
Microsoft Visual Studio Solution File, Format Version 12.00
# Visual Studio Version 17
VisualStudioVersion = 17.7.34202.233
MinimumVisualStudioVersion = 10.0.40219.1
Project("{FAE04EC0-301F-11D3-BF4B-00C04F79EFBC}") = "CoffeeShopCustomerManagement", "CoffeeShopCustomerManagement.csproj", "{ADDF6EEA-F4DC-4691-A822-F26B26DCA81F}"
EndProject
Global
	GlobalSection(SolutionConfigurationPlatforms) = preSolution
		Debug|Any CPU = Debug|Any CPU
		Release|Any CPU = Release|Any CPU
	EndGlobalSection
	GlobalSection(ProjectConfigurationPlatforms) = postSolution
		{ADDF6EEA-F4DC-4691-A822-F26B26DCA81F}.Debug|Any CPU.ActiveCfg = Debug|Any CPU
		{ADDF6EEA-F4DC-4691-A822-F26B26DCA81F}.Debug|Any CPU.Build.0 = Debug|Any CPU
		{ADDF6EEA-F4DC-4691-A822-F26B26DCA81F}.Release|Any CPU.ActiveCfg = Release|Any CPU
		{ADDF6EEA-F4DC-4691-A822-F26B26DCA81F}.Release|Any CPU.Build.0 = Release|Any CPU
	EndGlobalSection
	GlobalSection(SolutionProperties) = preSolution
		HideSolutionNode = FALSE
	EndGlobalSection
	GlobalSection(ExtensibilityGlobals) = postSolution
		SolutionGuid = {34462E33-0683-4AEE-AB07-41053384A9BD}
	EndGlobalSection
EndGlobal
